
Microsoft Visual Studio Solution File, Format Version 12.00
# Visual Studio 2013
VisualStudioVersion = 12.0.31101.0
MinimumVisualStudioVersion = 10.0.40219.1
Project("{FAE04EC0-301F-11D3-BF4B-00C04F79EFBC}") = "Restaurant.Reservations", "Restaurant.Reservations\Restaurant.Reservations.csproj", "{CA0A19EB-99AE-4B96-8102-B46EC9C1A7A8}"
EndProject
Project("{FAE04EC0-301F-11D3-BF4B-00C04F79EFBC}") = "Restaurant.Reservations.Shared", "Restaurant.Reservations.Shared\Restaurant.Reservations.Shared.csproj", "{2CF862E9-1643-48AB-BF59-94FE46CF001E}"
EndProject
Project("{2150E333-8FDC-42A3-9474-1A3956D46DE8}") = "Solution Items", "Solution Items", "{5EDE8BA6-7EFF-4B97-A44F-5C5861D317E1}"
	ProjectSection(SolutionItems) = preProject
		..\README.md = ..\README.md
	EndProjectSection
EndProject
Project("{2150E333-8FDC-42A3-9474-1A3956D46DE8}") = "TestData", "TestData", "{4FDA6745-DEC9-4D36-B3D4-A0512C02A746}"
	ProjectSection(SolutionItems) = preProject
		..\Data\Tables.xml = ..\Data\Tables.xml
	EndProjectSection
EndProject
Global
	GlobalSection(SolutionConfigurationPlatforms) = preSolution
		Debug|Any CPU = Debug|Any CPU
		Release|Any CPU = Release|Any CPU
	EndGlobalSection
	GlobalSection(ProjectConfigurationPlatforms) = postSolution
		{CA0A19EB-99AE-4B96-8102-B46EC9C1A7A8}.Debug|Any CPU.ActiveCfg = Debug|Any CPU
		{CA0A19EB-99AE-4B96-8102-B46EC9C1A7A8}.Debug|Any CPU.Build.0 = Debug|Any CPU
		{CA0A19EB-99AE-4B96-8102-B46EC9C1A7A8}.Release|Any CPU.ActiveCfg = Release|Any CPU
		{CA0A19EB-99AE-4B96-8102-B46EC9C1A7A8}.Release|Any CPU.Build.0 = Release|Any CPU
		{2CF862E9-1643-48AB-BF59-94FE46CF001E}.Debug|Any CPU.ActiveCfg = Debug|Any CPU
		{2CF862E9-1643-48AB-BF59-94FE46CF001E}.Debug|Any CPU.Build.0 = Debug|Any CPU
		{2CF862E9-1643-48AB-BF59-94FE46CF001E}.Release|Any CPU.ActiveCfg = Release|Any CPU
		{2CF862E9-1643-48AB-BF59-94FE46CF001E}.Release|Any CPU.Build.0 = Release|Any CPU
	EndGlobalSection
	GlobalSection(SolutionProperties) = preSolution
		HideSolutionNode = FALSE
	EndGlobalSection
EndGlobal
